<?xml version="1.0" encoding="UTF-8" standalone="yes" ?>
<CodeBlocks_project_file>
	<FileVersion major="1" minor="6" />
	<Project>
		<Option title="ld34" />
		<Option pch_mode="2" />
		<Option compiler="gcc" />
		<Build>
			<Target title="Debug">
				<Option output="bin/Debug/ld34" prefix_auto="1" extension_auto="1" />
				<Option object_output="obj/Debug/" />
				<Option type="1" />
				<Option compiler="gcc" />
				<Compiler>
					<Add option="-g" />
				</Compiler>
			</Target>
			<Target title="Release">
				<Option output="bin/Release/ld34" prefix_auto="1" extension_auto="1" />
				<Option object_output="obj/Release/" />
				<Option type="1" />
				<Option compiler="gcc" />
				<Compiler>
					<Add option="-O2" />
				</Compiler>
				<Linker>
					<Add option="-s" />
				</Linker>
			</Target>
		</Build>
		<Compiler>
			<Add option="-Wall" />
			<Add option="-fexceptions" />
			<Add directory="../chien2d/include" />
		</Compiler>
		<Linker>
			<Add library="SDL2" />
			<Add library="SDL2_mixer" />
			<Add library="SDL2_image" />
			<Add library="SDL2_ttf" />
		</Linker>
		<Unit filename="../chien2d/include/c2d3/chien2d.h" />
		<Unit filename="../chien2d/include/c2d3/chien2d2.h" />
		<Unit filename="../chien2d/include/c2d3/chien2d2_interno.h" />
		<Unit filename="../chien2d/include/c2d3/chienaudio.h" />
		<Unit filename="../chien2d/include/c2d3/chienaudio2.h" />
		<Unit filename="../chien2d/src/chien2d.cpp" />
		<Unit filename="../chien2d/src/chienaudio.cpp" />
		<Unit filename="Fase.cpp" />
		<Unit filename="Fase.h" />
		<Unit filename="Game.cpp" />
		<Unit filename="Game.hpp" />
		<Unit filename="Jogador.cpp" />
		<Unit filename="Jogador.hpp" />
		<Unit filename="headers.h" />
		<Unit filename="main.cpp" />
		<Extensions>
			<envvars />
			<code_completion />
			<lib_finder disable_auto="1" />
			<debugger />
		</Extensions>
	</Project>
</CodeBlocks_project_file>
